Microsoft Visual Studio Solution File, Format Version 11.00
# Visual Studio 2008

Project("{ABCDF941-0706-DCC8-982E-F9720BD1936B}") = "Little Piggy 10_26", "Assembly-CSharp-firstpass.csproj", "{5702C39A-01ED-4973-9AB3-5FA4B001FCF7}"
EndProject
Project("{ABCDF941-0706-DCC8-982E-F9720BD1936B}") = "Little Piggy 10_26", "Assembly-CSharp.csproj", "{CCAFDEEF-B829-8131-959F-389A0DB5602A}"
EndProject
Global
	GlobalSection(SolutionConfigurationPlatforms) = preSolution
		Debug|Any CPU = Debug|Any CPU
		Release|Any CPU = Release|Any CPU
	EndGlobalSection
	GlobalSection(ProjectConfigurationPlatforms) = postSolution
		{5702C39A-01ED-4973-9AB3-5FA4B001FCF7}.Debug|Any CPU.ActiveCfg = Debug|Any CPU
		{5702C39A-01ED-4973-9AB3-5FA4B001FCF7}.Debug|Any CPU.Build.0 = Debug|Any CPU
		{5702C39A-01ED-4973-9AB3-5FA4B001FCF7}.Release|Any CPU.ActiveCfg = Release|Any CPU
		{5702C39A-01ED-4973-9AB3-5FA4B001FCF7}.Release|Any CPU.Build.0 = Release|Any CPU
		{CCAFDEEF-B829-8131-959F-389A0DB5602A}.Debug|Any CPU.ActiveCfg = Debug|Any CPU
		{CCAFDEEF-B829-8131-959F-389A0DB5602A}.Debug|Any CPU.Build.0 = Debug|Any CPU
		{CCAFDEEF-B829-8131-959F-389A0DB5602A}.Release|Any CPU.ActiveCfg = Release|Any CPU
		{CCAFDEEF-B829-8131-959F-389A0DB5602A}.Release|Any CPU.Build.0 = Release|Any CPU
	EndGlobalSection
	GlobalSection(SolutionProperties) = preSolution
		HideSolutionNode = FALSE
	EndGlobalSection
	GlobalSection(MonoDevelopProperties) = preSolution
		StartupItem = Assembly-CSharp.csproj
	EndGlobalSection
EndGlobal
