Microsoft Visual Studio Solution File, Format Version 11.00
# Visual Studio 2008

Project("{8B23FFC2-22A9-1F81-2AD1-85FC81D0B441}") = "Little Piggy 10_31", "Assembly-CSharp-firstpass.csproj", "{67AFE356-5906-E24D-56AF-947F303DC5C8}"
EndProject
Project("{8B23FFC2-22A9-1F81-2AD1-85FC81D0B441}") = "Little Piggy 10_31", "Assembly-CSharp.csproj", "{9C15FE5E-BE81-21F9-DFB7-4F5567DAEEB4}"
EndProject
Global
	GlobalSection(SolutionConfigurationPlatforms) = preSolution
		Debug|Any CPU = Debug|Any CPU
		Release|Any CPU = Release|Any CPU
	EndGlobalSection
	GlobalSection(ProjectConfigurationPlatforms) = postSolution
		{67AFE356-5906-E24D-56AF-947F303DC5C8}.Debug|Any CPU.ActiveCfg = Debug|Any CPU
		{67AFE356-5906-E24D-56AF-947F303DC5C8}.Debug|Any CPU.Build.0 = Debug|Any CPU
		{67AFE356-5906-E24D-56AF-947F303DC5C8}.Release|Any CPU.ActiveCfg = Release|Any CPU
		{67AFE356-5906-E24D-56AF-947F303DC5C8}.Release|Any CPU.Build.0 = Release|Any CPU
		{9C15FE5E-BE81-21F9-DFB7-4F5567DAEEB4}.Debug|Any CPU.ActiveCfg = Debug|Any CPU
		{9C15FE5E-BE81-21F9-DFB7-4F5567DAEEB4}.Debug|Any CPU.Build.0 = Debug|Any CPU
		{9C15FE5E-BE81-21F9-DFB7-4F5567DAEEB4}.Release|Any CPU.ActiveCfg = Release|Any CPU
		{9C15FE5E-BE81-21F9-DFB7-4F5567DAEEB4}.Release|Any CPU.Build.0 = Release|Any CPU
	EndGlobalSection
	GlobalSection(SolutionProperties) = preSolution
		HideSolutionNode = FALSE
	EndGlobalSection
	GlobalSection(MonoDevelopProperties) = preSolution
		StartupItem = Assembly-CSharp.csproj
	EndGlobalSection
EndGlobal
