Microsoft Visual Studio Solution File, Format Version 11.00
# Visual Studio 2008

Project("{4E23A4A3-F5F9-09C6-070F-D6A9275D512B}") = "Little Piggy 10_28", "Assembly-CSharp-firstpass.csproj", "{B3CC9A81-08B4-FA58-BFF4-3325D68F7E32}"
EndProject
Project("{4E23A4A3-F5F9-09C6-070F-D6A9275D512B}") = "Little Piggy 10_28", "Assembly-CSharp.csproj", "{6E3558CD-600C-D027-A9E4-80FF58FA558A}"
EndProject
Global
	GlobalSection(SolutionConfigurationPlatforms) = preSolution
		Debug|Any CPU = Debug|Any CPU
		Release|Any CPU = Release|Any CPU
	EndGlobalSection
	GlobalSection(ProjectConfigurationPlatforms) = postSolution
		{B3CC9A81-08B4-FA58-BFF4-3325D68F7E32}.Debug|Any CPU.ActiveCfg = Debug|Any CPU
		{B3CC9A81-08B4-FA58-BFF4-3325D68F7E32}.Debug|Any CPU.Build.0 = Debug|Any CPU
		{B3CC9A81-08B4-FA58-BFF4-3325D68F7E32}.Release|Any CPU.ActiveCfg = Release|Any CPU
		{B3CC9A81-08B4-FA58-BFF4-3325D68F7E32}.Release|Any CPU.Build.0 = Release|Any CPU
		{6E3558CD-600C-D027-A9E4-80FF58FA558A}.Debug|Any CPU.ActiveCfg = Debug|Any CPU
		{6E3558CD-600C-D027-A9E4-80FF58FA558A}.Debug|Any CPU.Build.0 = Debug|Any CPU
		{6E3558CD-600C-D027-A9E4-80FF58FA558A}.Release|Any CPU.ActiveCfg = Release|Any CPU
		{6E3558CD-600C-D027-A9E4-80FF58FA558A}.Release|Any CPU.Build.0 = Release|Any CPU
	EndGlobalSection
	GlobalSection(SolutionProperties) = preSolution
		HideSolutionNode = FALSE
	EndGlobalSection
	GlobalSection(MonoDevelopProperties) = preSolution
		StartupItem = Assembly-CSharp.csproj
	EndGlobalSection
EndGlobal
